
Microsoft Visual Studio Solution File, Format Version 12.00
# Visual Studio Version 18
VisualStudioVersion = 18.2.11415.280
MinimumVisualStudioVersion = 10.0.40219.1
Project("{9A19103F-16F7-4668-BE54-9A1E7A4F7556}") = "CornerkickApp", "CornerkickApp\CornerkickApp.csproj", "{47022CF9-CC61-4F4F-808D-044285B07FF6}"
EndProject
Project("{9A19103F-16F7-4668-BE54-9A1E7A4F7556}") = "CornerkickApp.Shared", "CornerkickApp.Shared\CornerkickApp.Shared.csproj", "{2D0B68A7-4946-49D9-882F-550A2690B572}"
EndProject
Project("{9A19103F-16F7-4668-BE54-9A1E7A4F7556}") = "CornerkickApp.Web", "CornerkickApp.Web\CornerkickApp.Web.csproj", "{602A0A61-85A3-4373-898C-FBE285A5D09A}"
EndProject
Project("{FAE04EC0-301F-11D3-BF4B-00C04F79EFBC}") = "CornerkickApp.Components", "CornerkickApp.Components\CornerkickApp.Components.csproj", "{49661778-CCD4-B6FB-E422-AA9927B81ACE}"
EndProject
Project("{FAE04EC0-301F-11D3-BF4B-00C04F79EFBC}") = "CornerkickApp.Controllers", "CornerkickApp.Controllers\CornerkickApp.Controllers.csproj", "{D37E038C-CBF2-573D-180D-83BFF76F071B}"
EndProject
Project("{FAE04EC0-301F-11D3-BF4B-00C04F79EFBC}") = "CornerkickUnitTest", "..\CornerkickUnitTest\CornerkickUnitTest.csproj", "{2376A2A4-8E82-E5CA-14F4-E81179313551}"
EndProject
Project("{FAE04EC0-301F-11D3-BF4B-00C04F79EFBC}") = "CornerkickGame", "..\CornerkickGame\CornerkickGame.csproj", "{EF02D892-67CA-1B52-18AC-F60DF7D9A119}"
EndProject
Project("{FAE04EC0-301F-11D3-BF4B-00C04F79EFBC}") = "CornerkickManager", "..\CornerkickManager\CornerkickManager.csproj", "{D8BE5741-2A93-DD36-067A-2C9ADAC36860}"
EndProject
Global
	GlobalSection(SolutionConfigurationPlatforms) = preSolution
		Debug|Any CPU = Debug|Any CPU
		Debug|x64 = Debug|x64
		Debug|x86 = Debug|x86
		DebugWeb|Any CPU = DebugWeb|Any CPU
		DebugWeb|x64 = DebugWeb|x64
		DebugWeb|x86 = DebugWeb|x86
		PublishWin|Any CPU = PublishWin|Any CPU
		PublishWin|x64 = PublishWin|x64
		PublishWin|x86 = PublishWin|x86
		Release|Any CPU = Release|Any CPU
		Release|x64 = Release|x64
		Release|x86 = Release|x86
		ReleaseWeb|Any CPU = ReleaseWeb|Any CPU
		ReleaseWeb|x64 = ReleaseWeb|x64
		ReleaseWeb|x86 = ReleaseWeb|x86
	EndGlobalSection
	GlobalSection(ProjectConfigurationPlatforms) = postSolution
		{47022CF9-CC61-4F4F-808D-044285B07FF6}.Debug|Any CPU.ActiveCfg = Debug|Any CPU
		{47022CF9-CC61-4F4F-808D-044285B07FF6}.Debug|Any CPU.Build.0 = Debug|Any CPU
		{47022CF9-CC61-4F4F-808D-044285B07FF6}.Debug|Any CPU.Deploy.0 = Debug|Any CPU
		{47022CF9-CC61-4F4F-808D-044285B07FF6}.Debug|x64.ActiveCfg = Debug|Any CPU
		{47022CF9-CC61-4F4F-808D-044285B07FF6}.Debug|x64.Build.0 = Debug|Any CPU
		{47022CF9-CC61-4F4F-808D-044285B07FF6}.Debug|x86.ActiveCfg = Debug|Any CPU
		{47022CF9-CC61-4F4F-808D-044285B07FF6}.Debug|x86.Build.0 = Debug|Any CPU
		{47022CF9-CC61-4F4F-808D-044285B07FF6}.DebugWeb|Any CPU.ActiveCfg = Debug|Any CPU
		{47022CF9-CC61-4F4F-808D-044285B07FF6}.DebugWeb|Any CPU.Deploy.0 = Debug|Any CPU
		{47022CF9-CC61-4F4F-808D-044285B07FF6}.DebugWeb|x64.ActiveCfg = Debug|x64
		{47022CF9-CC61-4F4F-808D-044285B07FF6}.DebugWeb|x64.Deploy.0 = Debug|x64
		{47022CF9-CC61-4F4F-808D-044285B07FF6}.DebugWeb|x86.ActiveCfg = Debug|x86
		{47022CF9-CC61-4F4F-808D-044285B07FF6}.DebugWeb|x86.Deploy.0 = Debug|x86
		{47022CF9-CC61-4F4F-808D-044285B07FF6}.PublishWin|Any CPU.ActiveCfg = PublishWin|Any CPU
		{47022CF9-CC61-4F4F-808D-044285B07FF6}.PublishWin|Any CPU.Build.0 = PublishWin|Any CPU
		{47022CF9-CC61-4F4F-808D-044285B07FF6}.PublishWin|Any CPU.Deploy.0 = PublishWin|Any CPU
		{47022CF9-CC61-4F4F-808D-044285B07FF6}.PublishWin|x64.ActiveCfg = Release|x64
		{47022CF9-CC61-4F4F-808D-044285B07FF6}.PublishWin|x86.ActiveCfg = Release|x86
		{47022CF9-CC61-4F4F-808D-044285B07FF6}.Release|Any CPU.ActiveCfg = Release|Any CPU
		{47022CF9-CC61-4F4F-808D-044285B07FF6}.Release|Any CPU.Build.0 = Release|Any CPU
		{47022CF9-CC61-4F4F-808D-044285B07FF6}.Release|Any CPU.Deploy.0 = Release|Any CPU
		{47022CF9-CC61-4F4F-808D-044285B07FF6}.Release|x64.ActiveCfg = Release|Any CPU
		{47022CF9-CC61-4F4F-808D-044285B07FF6}.Release|x64.Build.0 = Release|Any CPU
		{47022CF9-CC61-4F4F-808D-044285B07FF6}.Release|x86.ActiveCfg = Release|Any CPU
		{47022CF9-CC61-4F4F-808D-044285B07FF6}.Release|x86.Build.0 = Release|Any CPU
		{47022CF9-CC61-4F4F-808D-044285B07FF6}.ReleaseWeb|Any CPU.ActiveCfg = Release|Any CPU
		{47022CF9-CC61-4F4F-808D-044285B07FF6}.ReleaseWeb|Any CPU.Deploy.0 = Release|Any CPU
		{47022CF9-CC61-4F4F-808D-044285B07FF6}.ReleaseWeb|x64.ActiveCfg = Release|Any CPU
		{47022CF9-CC61-4F4F-808D-044285B07FF6}.ReleaseWeb|x64.Build.0 = Release|Any CPU
		{47022CF9-CC61-4F4F-808D-044285B07FF6}.ReleaseWeb|x64.Deploy.0 = Release|Any CPU
		{47022CF9-CC61-4F4F-808D-044285B07FF6}.ReleaseWeb|x86.ActiveCfg = Release|x86
		{47022CF9-CC61-4F4F-808D-044285B07FF6}.ReleaseWeb|x86.Deploy.0 = Release|x86
		{2D0B68A7-4946-49D9-882F-550A2690B572}.Debug|Any CPU.ActiveCfg = Debug|Any CPU
		{2D0B68A7-4946-49D9-882F-550A2690B572}.Debug|Any CPU.Build.0 = Debug|Any CPU
		{2D0B68A7-4946-49D9-882F-550A2690B572}.Debug|x64.ActiveCfg = Debug|Any CPU
		{2D0B68A7-4946-49D9-882F-550A2690B572}.Debug|x64.Build.0 = Debug|Any CPU
		{2D0B68A7-4946-49D9-882F-550A2690B572}.Debug|x86.ActiveCfg = Debug|Any CPU
		{2D0B68A7-4946-49D9-882F-550A2690B572}.Debug|x86.Build.0 = Debug|Any CPU
		{2D0B68A7-4946-49D9-882F-550A2690B572}.DebugWeb|Any CPU.ActiveCfg = DebugWeb|Any CPU
		{2D0B68A7-4946-49D9-882F-550A2690B572}.DebugWeb|Any CPU.Build.0 = DebugWeb|Any CPU
		{2D0B68A7-4946-49D9-882F-550A2690B572}.DebugWeb|x64.ActiveCfg = DebugWeb|x64
		{2D0B68A7-4946-49D9-882F-550A2690B572}.DebugWeb|x64.Build.0 = DebugWeb|x64
		{2D0B68A7-4946-49D9-882F-550A2690B572}.DebugWeb|x86.ActiveCfg = DebugWeb|x86
		{2D0B68A7-4946-49D9-882F-550A2690B572}.DebugWeb|x86.Build.0 = DebugWeb|x86
		{2D0B68A7-4946-49D9-882F-550A2690B572}.PublishWin|Any CPU.ActiveCfg = PublishWin|Any CPU
		{2D0B68A7-4946-49D9-882F-550A2690B572}.PublishWin|Any CPU.Build.0 = PublishWin|Any CPU
		{2D0B68A7-4946-49D9-882F-550A2690B572}.PublishWin|x64.ActiveCfg = PublishWin|x64
		{2D0B68A7-4946-49D9-882F-550A2690B572}.PublishWin|x64.Build.0 = PublishWin|x64
		{2D0B68A7-4946-49D9-882F-550A2690B572}.PublishWin|x86.ActiveCfg = PublishWin|x86
		{2D0B68A7-4946-49D9-882F-550A2690B572}.PublishWin|x86.Build.0 = PublishWin|x86
		{2D0B68A7-4946-49D9-882F-550A2690B572}.Release|Any CPU.ActiveCfg = Release|Any CPU
		{2D0B68A7-4946-49D9-882F-550A2690B572}.Release|Any CPU.Build.0 = Release|Any CPU
		{2D0B68A7-4946-49D9-882F-550A2690B572}.Release|x64.ActiveCfg = Release|Any CPU
		{2D0B68A7-4946-49D9-882F-550A2690B572}.Release|x64.Build.0 = Release|Any CPU
		{2D0B68A7-4946-49D9-882F-550A2690B572}.Release|x86.ActiveCfg = Release|Any CPU
		{2D0B68A7-4946-49D9-882F-550A2690B572}.Release|x86.Build.0 = Release|Any CPU
		{2D0B68A7-4946-49D9-882F-550A2690B572}.ReleaseWeb|Any CPU.ActiveCfg = ReleaseWeb|Any CPU
		{2D0B68A7-4946-49D9-882F-550A2690B572}.ReleaseWeb|Any CPU.Build.0 = ReleaseWeb|Any CPU
		{2D0B68A7-4946-49D9-882F-550A2690B572}.ReleaseWeb|x64.ActiveCfg = ReleaseWeb|Any CPU
		{2D0B68A7-4946-49D9-882F-550A2690B572}.ReleaseWeb|x64.Build.0 = ReleaseWeb|Any CPU
		{2D0B68A7-4946-49D9-882F-550A2690B572}.ReleaseWeb|x86.ActiveCfg = ReleaseWeb|x86
		{2D0B68A7-4946-49D9-882F-550A2690B572}.ReleaseWeb|x86.Build.0 = ReleaseWeb|x86
		{602A0A61-85A3-4373-898C-FBE285A5D09A}.Debug|Any CPU.ActiveCfg = Debug|Any CPU
		{602A0A61-85A3-4373-898C-FBE285A5D09A}.Debug|x64.ActiveCfg = Debug|Any CPU
		{602A0A61-85A3-4373-898C-FBE285A5D09A}.Debug|x64.Build.0 = Debug|Any CPU
		{602A0A61-85A3-4373-898C-FBE285A5D09A}.Debug|x86.ActiveCfg = Debug|Any CPU
		{602A0A61-85A3-4373-898C-FBE285A5D09A}.Debug|x86.Build.0 = Debug|Any CPU
		{602A0A61-85A3-4373-898C-FBE285A5D09A}.DebugWeb|Any CPU.ActiveCfg = Debug|Any CPU
		{602A0A61-85A3-4373-898C-FBE285A5D09A}.DebugWeb|Any CPU.Build.0 = Debug|Any CPU
		{602A0A61-85A3-4373-898C-FBE285A5D09A}.DebugWeb|x64.ActiveCfg = Debug|x64
		{602A0A61-85A3-4373-898C-FBE285A5D09A}.DebugWeb|x64.Build.0 = Debug|x64
		{602A0A61-85A3-4373-898C-FBE285A5D09A}.DebugWeb|x86.ActiveCfg = Debug|x86
		{602A0A61-85A3-4373-898C-FBE285A5D09A}.DebugWeb|x86.Build.0 = Debug|x86
		{602A0A61-85A3-4373-898C-FBE285A5D09A}.PublishWin|Any CPU.ActiveCfg = Release|Any CPU
		{602A0A61-85A3-4373-898C-FBE285A5D09A}.PublishWin|x64.ActiveCfg = Release|x64
		{602A0A61-85A3-4373-898C-FBE285A5D09A}.PublishWin|x86.ActiveCfg = Release|x86
		{602A0A61-85A3-4373-898C-FBE285A5D09A}.Release|Any CPU.ActiveCfg = Release|Any CPU
		{602A0A61-85A3-4373-898C-FBE285A5D09A}.Release|x64.ActiveCfg = Release|Any CPU
		{602A0A61-85A3-4373-898C-FBE285A5D09A}.Release|x64.Build.0 = Release|Any CPU
		{602A0A61-85A3-4373-898C-FBE285A5D09A}.Release|x86.ActiveCfg = Release|Any CPU
		{602A0A61-85A3-4373-898C-FBE285A5D09A}.Release|x86.Build.0 = Release|Any CPU
		{602A0A61-85A3-4373-898C-FBE285A5D09A}.ReleaseWeb|Any CPU.ActiveCfg = Release|Any CPU
		{602A0A61-85A3-4373-898C-FBE285A5D09A}.ReleaseWeb|Any CPU.Build.0 = Release|Any CPU
		{602A0A61-85A3-4373-898C-FBE285A5D09A}.ReleaseWeb|x64.ActiveCfg = Release|Any CPU
		{602A0A61-85A3-4373-898C-FBE285A5D09A}.ReleaseWeb|x64.Build.0 = Release|Any CPU
		{602A0A61-85A3-4373-898C-FBE285A5D09A}.ReleaseWeb|x86.ActiveCfg = Release|x86
		{602A0A61-85A3-4373-898C-FBE285A5D09A}.ReleaseWeb|x86.Build.0 = Release|x86
		{49661778-CCD4-B6FB-E422-AA9927B81ACE}.Debug|Any CPU.ActiveCfg = Debug|Any CPU
		{49661778-CCD4-B6FB-E422-AA9927B81ACE}.Debug|Any CPU.Build.0 = Debug|Any CPU
		{49661778-CCD4-B6FB-E422-AA9927B81ACE}.Debug|x64.ActiveCfg = Debug|x64
		{49661778-CCD4-B6FB-E422-AA9927B81ACE}.Debug|x64.Build.0 = Debug|x64
		{49661778-CCD4-B6FB-E422-AA9927B81ACE}.Debug|x86.ActiveCfg = Debug|x86
		{49661778-CCD4-B6FB-E422-AA9927B81ACE}.Debug|x86.Build.0 = Debug|x86
		{49661778-CCD4-B6FB-E422-AA9927B81ACE}.DebugWeb|Any CPU.ActiveCfg = DebugWeb|Any CPU
		{49661778-CCD4-B6FB-E422-AA9927B81ACE}.DebugWeb|Any CPU.Build.0 = DebugWeb|Any CPU
		{49661778-CCD4-B6FB-E422-AA9927B81ACE}.DebugWeb|x64.ActiveCfg = DebugWeb|x64
		{49661778-CCD4-B6FB-E422-AA9927B81ACE}.DebugWeb|x64.Build.0 = DebugWeb|x64
		{49661778-CCD4-B6FB-E422-AA9927B81ACE}.DebugWeb|x86.ActiveCfg = DebugWeb|x86
		{49661778-CCD4-B6FB-E422-AA9927B81ACE}.DebugWeb|x86.Build.0 = DebugWeb|x86
		{49661778-CCD4-B6FB-E422-AA9927B81ACE}.PublishWin|Any CPU.ActiveCfg = PublishWin|Any CPU
		{49661778-CCD4-B6FB-E422-AA9927B81ACE}.PublishWin|Any CPU.Build.0 = PublishWin|Any CPU
		{49661778-CCD4-B6FB-E422-AA9927B81ACE}.PublishWin|x64.ActiveCfg = PublishWin|x64
		{49661778-CCD4-B6FB-E422-AA9927B81ACE}.PublishWin|x64.Build.0 = PublishWin|x64
		{49661778-CCD4-B6FB-E422-AA9927B81ACE}.PublishWin|x86.ActiveCfg = PublishWin|x86
		{49661778-CCD4-B6FB-E422-AA9927B81ACE}.PublishWin|x86.Build.0 = PublishWin|x86
		{49661778-CCD4-B6FB-E422-AA9927B81ACE}.Release|Any CPU.ActiveCfg = Release|Any CPU
		{49661778-CCD4-B6FB-E422-AA9927B81ACE}.Release|Any CPU.Build.0 = Release|Any CPU
		{49661778-CCD4-B6FB-E422-AA9927B81ACE}.Release|x64.ActiveCfg = Release|x64
		{49661778-CCD4-B6FB-E422-AA9927B81ACE}.Release|x64.Build.0 = Release|x64
		{49661778-CCD4-B6FB-E422-AA9927B81ACE}.Release|x86.ActiveCfg = Release|x86
		{49661778-CCD4-B6FB-E422-AA9927B81ACE}.Release|x86.Build.0 = Release|x86
		{49661778-CCD4-B6FB-E422-AA9927B81ACE}.ReleaseWeb|Any CPU.ActiveCfg = ReleaseWeb|Any CPU
		{49661778-CCD4-B6FB-E422-AA9927B81ACE}.ReleaseWeb|Any CPU.Build.0 = ReleaseWeb|Any CPU
		{49661778-CCD4-B6FB-E422-AA9927B81ACE}.ReleaseWeb|x64.ActiveCfg = ReleaseWeb|x64
		{49661778-CCD4-B6FB-E422-AA9927B81ACE}.ReleaseWeb|x64.Build.0 = ReleaseWeb|x64
		{49661778-CCD4-B6FB-E422-AA9927B81ACE}.ReleaseWeb|x86.ActiveCfg = ReleaseWeb|x86
		{49661778-CCD4-B6FB-E422-AA9927B81ACE}.ReleaseWeb|x86.Build.0 = ReleaseWeb|x86
		{D37E038C-CBF2-573D-180D-83BFF76F071B}.Debug|Any CPU.ActiveCfg = Debug|Any CPU
		{D37E038C-CBF2-573D-180D-83BFF76F071B}.Debug|Any CPU.Build.0 = Debug|Any CPU
		{D37E038C-CBF2-573D-180D-83BFF76F071B}.Debug|x64.ActiveCfg = Debug|x64
		{D37E038C-CBF2-573D-180D-83BFF76F071B}.Debug|x64.Build.0 = Debug|x64
		{D37E038C-CBF2-573D-180D-83BFF76F071B}.Debug|x86.ActiveCfg = Debug|x86
		{D37E038C-CBF2-573D-180D-83BFF76F071B}.Debug|x86.Build.0 = Debug|x86
		{D37E038C-CBF2-573D-180D-83BFF76F071B}.DebugWeb|Any CPU.ActiveCfg = DebugWeb|Any CPU
		{D37E038C-CBF2-573D-180D-83BFF76F071B}.DebugWeb|Any CPU.Build.0 = DebugWeb|Any CPU
		{D37E038C-CBF2-573D-180D-83BFF76F071B}.DebugWeb|x64.ActiveCfg = DebugWeb|x64
		{D37E038C-CBF2-573D-180D-83BFF76F071B}.DebugWeb|x64.Build.0 = DebugWeb|x64
		{D37E038C-CBF2-573D-180D-83BFF76F071B}.DebugWeb|x86.ActiveCfg = DebugWeb|x86
		{D37E038C-CBF2-573D-180D-83BFF76F071B}.DebugWeb|x86.Build.0 = DebugWeb|x86
		{D37E038C-CBF2-573D-180D-83BFF76F071B}.PublishWin|Any CPU.ActiveCfg = PublishWin|Any CPU
		{D37E038C-CBF2-573D-180D-83BFF76F071B}.PublishWin|Any CPU.Build.0 = PublishWin|Any CPU
		{D37E038C-CBF2-573D-180D-83BFF76F071B}.PublishWin|x64.ActiveCfg = PublishWin|x64
		{D37E038C-CBF2-573D-180D-83BFF76F071B}.PublishWin|x64.Build.0 = PublishWin|x64
		{D37E038C-CBF2-573D-180D-83BFF76F071B}.PublishWin|x86.ActiveCfg = PublishWin|x86
		{D37E038C-CBF2-573D-180D-83BFF76F071B}.PublishWin|x86.Build.0 = PublishWin|x86
		{D37E038C-CBF2-573D-180D-83BFF76F071B}.Release|Any CPU.ActiveCfg = Release|Any CPU
		{D37E038C-CBF2-573D-180D-83BFF76F071B}.Release|Any CPU.Build.0 = Release|Any CPU
		{D37E038C-CBF2-573D-180D-83BFF76F071B}.Release|x64.ActiveCfg = Release|x64
		{D37E038C-CBF2-573D-180D-83BFF76F071B}.Release|x64.Build.0 = Release|x64
		{D37E038C-CBF2-573D-180D-83BFF76F071B}.Release|x86.ActiveCfg = Release|x86
		{D37E038C-CBF2-573D-180D-83BFF76F071B}.Release|x86.Build.0 = Release|x86
		{D37E038C-CBF2-573D-180D-83BFF76F071B}.ReleaseWeb|Any CPU.ActiveCfg = ReleaseWeb|Any CPU
		{D37E038C-CBF2-573D-180D-83BFF76F071B}.ReleaseWeb|Any CPU.Build.0 = ReleaseWeb|Any CPU
		{D37E038C-CBF2-573D-180D-83BFF76F071B}.ReleaseWeb|x64.ActiveCfg = ReleaseWeb|x64
		{D37E038C-CBF2-573D-180D-83BFF76F071B}.ReleaseWeb|x64.Build.0 = ReleaseWeb|x64
		{D37E038C-CBF2-573D-180D-83BFF76F071B}.ReleaseWeb|x86.ActiveCfg = ReleaseWeb|x86
		{D37E038C-CBF2-573D-180D-83BFF76F071B}.ReleaseWeb|x86.Build.0 = ReleaseWeb|x86
		{2376A2A4-8E82-E5CA-14F4-E81179313551}.Debug|Any CPU.ActiveCfg = Debug|Any CPU
		{2376A2A4-8E82-E5CA-14F4-E81179313551}.Debug|Any CPU.Build.0 = Debug|Any CPU
		{2376A2A4-8E82-E5CA-14F4-E81179313551}.Debug|x64.ActiveCfg = Debug|x64
		{2376A2A4-8E82-E5CA-14F4-E81179313551}.Debug|x64.Build.0 = Debug|x64
		{2376A2A4-8E82-E5CA-14F4-E81179313551}.Debug|x86.ActiveCfg = Debug|x86
		{2376A2A4-8E82-E5CA-14F4-E81179313551}.Debug|x86.Build.0 = Debug|x86
		{2376A2A4-8E82-E5CA-14F4-E81179313551}.DebugWeb|Any CPU.ActiveCfg = Debug|Any CPU
		{2376A2A4-8E82-E5CA-14F4-E81179313551}.DebugWeb|Any CPU.Build.0 = Debug|Any CPU
		{2376A2A4-8E82-E5CA-14F4-E81179313551}.DebugWeb|x64.ActiveCfg = Debug|x64
		{2376A2A4-8E82-E5CA-14F4-E81179313551}.DebugWeb|x64.Build.0 = Debug|x64
		{2376A2A4-8E82-E5CA-14F4-E81179313551}.DebugWeb|x86.ActiveCfg = Debug|x86
		{2376A2A4-8E82-E5CA-14F4-E81179313551}.DebugWeb|x86.Build.0 = Debug|x86
		{2376A2A4-8E82-E5CA-14F4-E81179313551}.PublishWin|Any CPU.ActiveCfg = Release|Any CPU
		{2376A2A4-8E82-E5CA-14F4-E81179313551}.PublishWin|Any CPU.Build.0 = Release|Any CPU
		{2376A2A4-8E82-E5CA-14F4-E81179313551}.PublishWin|x64.ActiveCfg = Release|x64
		{2376A2A4-8E82-E5CA-14F4-E81179313551}.PublishWin|x64.Build.0 = Release|x64
		{2376A2A4-8E82-E5CA-14F4-E81179313551}.PublishWin|x86.ActiveCfg = Release|x86
		{2376A2A4-8E82-E5CA-14F4-E81179313551}.PublishWin|x86.Build.0 = Release|x86
		{2376A2A4-8E82-E5CA-14F4-E81179313551}.Release|Any CPU.ActiveCfg = Release|Any CPU
		{2376A2A4-8E82-E5CA-14F4-E81179313551}.Release|Any CPU.Build.0 = Release|Any CPU
		{2376A2A4-8E82-E5CA-14F4-E81179313551}.Release|x64.ActiveCfg = Release|x64
		{2376A2A4-8E82-E5CA-14F4-E81179313551}.Release|x64.Build.0 = Release|x64
		{2376A2A4-8E82-E5CA-14F4-E81179313551}.Release|x86.ActiveCfg = Release|x86
		{2376A2A4-8E82-E5CA-14F4-E81179313551}.Release|x86.Build.0 = Release|x86
		{2376A2A4-8E82-E5CA-14F4-E81179313551}.ReleaseWeb|Any CPU.ActiveCfg = Release|Any CPU
		{2376A2A4-8E82-E5CA-14F4-E81179313551}.ReleaseWeb|Any CPU.Build.0 = Release|Any CPU
		{2376A2A4-8E82-E5CA-14F4-E81179313551}.ReleaseWeb|x64.ActiveCfg = Release|x64
		{2376A2A4-8E82-E5CA-14F4-E81179313551}.ReleaseWeb|x64.Build.0 = Release|x64
		{2376A2A4-8E82-E5CA-14F4-E81179313551}.ReleaseWeb|x86.ActiveCfg = Release|x86
		{2376A2A4-8E82-E5CA-14F4-E81179313551}.ReleaseWeb|x86.Build.0 = Release|x86
		{EF02D892-67CA-1B52-18AC-F60DF7D9A119}.Debug|Any CPU.ActiveCfg = Debug|Any CPU
		{EF02D892-67CA-1B52-18AC-F60DF7D9A119}.Debug|Any CPU.Build.0 = Debug|Any CPU
		{EF02D892-67CA-1B52-18AC-F60DF7D9A119}.Debug|x64.ActiveCfg = Debug|x64
		{EF02D892-67CA-1B52-18AC-F60DF7D9A119}.Debug|x64.Build.0 = Debug|x64
		{EF02D892-67CA-1B52-18AC-F60DF7D9A119}.Debug|x86.ActiveCfg = Debug|x86
		{EF02D892-67CA-1B52-18AC-F60DF7D9A119}.Debug|x86.Build.0 = Debug|x86
		{EF02D892-67CA-1B52-18AC-F60DF7D9A119}.DebugWeb|Any CPU.ActiveCfg = Debug|Any CPU
		{EF02D892-67CA-1B52-18AC-F60DF7D9A119}.DebugWeb|Any CPU.Build.0 = Debug|Any CPU
		{EF02D892-67CA-1B52-18AC-F60DF7D9A119}.DebugWeb|x64.ActiveCfg = Debug|x64
		{EF02D892-67CA-1B52-18AC-F60DF7D9A119}.DebugWeb|x64.Build.0 = Debug|x64
		{EF02D892-67CA-1B52-18AC-F60DF7D9A119}.DebugWeb|x86.ActiveCfg = Debug|x86
		{EF02D892-67CA-1B52-18AC-F60DF7D9A119}.DebugWeb|x86.Build.0 = Debug|x86
		{EF02D892-67CA-1B52-18AC-F60DF7D9A119}.PublishWin|Any CPU.ActiveCfg = PublishWin|Any CPU
		{EF02D892-67CA-1B52-18AC-F60DF7D9A119}.PublishWin|Any CPU.Build.0 = PublishWin|Any CPU
		{EF02D892-67CA-1B52-18AC-F60DF7D9A119}.PublishWin|x64.ActiveCfg = PublishWin|x64
		{EF02D892-67CA-1B52-18AC-F60DF7D9A119}.PublishWin|x64.Build.0 = PublishWin|x64
		{EF02D892-67CA-1B52-18AC-F60DF7D9A119}.PublishWin|x86.ActiveCfg = PublishWin|x86
		{EF02D892-67CA-1B52-18AC-F60DF7D9A119}.PublishWin|x86.Build.0 = PublishWin|x86
		{EF02D892-67CA-1B52-18AC-F60DF7D9A119}.Release|Any CPU.ActiveCfg = Release|Any CPU
		{EF02D892-67CA-1B52-18AC-F60DF7D9A119}.Release|Any CPU.Build.0 = Release|Any CPU
		{EF02D892-67CA-1B52-18AC-F60DF7D9A119}.Release|x64.ActiveCfg = Release|x64
		{EF02D892-67CA-1B52-18AC-F60DF7D9A119}.Release|x64.Build.0 = Release|x64
		{EF02D892-67CA-1B52-18AC-F60DF7D9A119}.Release|x86.ActiveCfg = Release|x86
		{EF02D892-67CA-1B52-18AC-F60DF7D9A119}.Release|x86.Build.0 = Release|x86
		{EF02D892-67CA-1B52-18AC-F60DF7D9A119}.ReleaseWeb|Any CPU.ActiveCfg = Release|Any CPU
		{EF02D892-67CA-1B52-18AC-F60DF7D9A119}.ReleaseWeb|Any CPU.Build.0 = Release|Any CPU
		{EF02D892-67CA-1B52-18AC-F60DF7D9A119}.ReleaseWeb|x64.ActiveCfg = Release|x64
		{EF02D892-67CA-1B52-18AC-F60DF7D9A119}.ReleaseWeb|x64.Build.0 = Release|x64
		{EF02D892-67CA-1B52-18AC-F60DF7D9A119}.ReleaseWeb|x86.ActiveCfg = Release|x86
		{EF02D892-67CA-1B52-18AC-F60DF7D9A119}.ReleaseWeb|x86.Build.0 = Release|x86
		{D8BE5741-2A93-DD36-067A-2C9ADAC36860}.Debug|Any CPU.ActiveCfg = Debug|Any CPU
		{D8BE5741-2A93-DD36-067A-2C9ADAC36860}.Debug|Any CPU.Build.0 = Debug|Any CPU
		{D8BE5741-2A93-DD36-067A-2C9ADAC36860}.Debug|x64.ActiveCfg = Debug|x64
		{D8BE5741-2A93-DD36-067A-2C9ADAC36860}.Debug|x64.Build.0 = Debug|x64
		{D8BE5741-2A93-DD36-067A-2C9ADAC36860}.Debug|x86.ActiveCfg = Debug|x86
		{D8BE5741-2A93-DD36-067A-2C9ADAC36860}.Debug|x86.Build.0 = Debug|x86
		{D8BE5741-2A93-DD36-067A-2C9ADAC36860}.DebugWeb|Any CPU.ActiveCfg = Debug|Any CPU
		{D8BE5741-2A93-DD36-067A-2C9ADAC36860}.DebugWeb|Any CPU.Build.0 = Debug|Any CPU
		{D8BE5741-2A93-DD36-067A-2C9ADAC36860}.DebugWeb|x64.ActiveCfg = Debug|x64
		{D8BE5741-2A93-DD36-067A-2C9ADAC36860}.DebugWeb|x64.Build.0 = Debug|x64
		{D8BE5741-2A93-DD36-067A-2C9ADAC36860}.DebugWeb|x86.ActiveCfg = Debug|x86
		{D8BE5741-2A93-DD36-067A-2C9ADAC36860}.DebugWeb|x86.Build.0 = Debug|x86
		{D8BE5741-2A93-DD36-067A-2C9ADAC36860}.PublishWin|Any CPU.ActiveCfg = PublishWin|Any CPU
		{D8BE5741-2A93-DD36-067A-2C9ADAC36860}.PublishWin|Any CPU.Build.0 = PublishWin|Any CPU
		{D8BE5741-2A93-DD36-067A-2C9ADAC36860}.PublishWin|x64.ActiveCfg = PublishWin|x64
		{D8BE5741-2A93-DD36-067A-2C9ADAC36860}.PublishWin|x64.Build.0 = PublishWin|x64
		{D8BE5741-2A93-DD36-067A-2C9ADAC36860}.PublishWin|x86.ActiveCfg = PublishWin|x86
		{D8BE5741-2A93-DD36-067A-2C9ADAC36860}.PublishWin|x86.Build.0 = PublishWin|x86
		{D8BE5741-2A93-DD36-067A-2C9ADAC36860}.Release|Any CPU.ActiveCfg = Release|Any CPU
		{D8BE5741-2A93-DD36-067A-2C9ADAC36860}.Release|Any CPU.Build.0 = Release|Any CPU
		{D8BE5741-2A93-DD36-067A-2C9ADAC36860}.Release|x64.ActiveCfg = Release|x64
		{D8BE5741-2A93-DD36-067A-2C9ADAC36860}.Release|x64.Build.0 = Release|x64
		{D8BE5741-2A93-DD36-067A-2C9ADAC36860}.Release|x86.ActiveCfg = Release|x86
		{D8BE5741-2A93-DD36-067A-2C9ADAC36860}.Release|x86.Build.0 = Release|x86
		{D8BE5741-2A93-DD36-067A-2C9ADAC36860}.ReleaseWeb|Any CPU.ActiveCfg = Release|Any CPU
		{D8BE5741-2A93-DD36-067A-2C9ADAC36860}.ReleaseWeb|Any CPU.Build.0 = Release|Any CPU
		{D8BE5741-2A93-DD36-067A-2C9ADAC36860}.ReleaseWeb|x64.ActiveCfg = Release|x64
		{D8BE5741-2A93-DD36-067A-2C9ADAC36860}.ReleaseWeb|x64.Build.0 = Release|x64
		{D8BE5741-2A93-DD36-067A-2C9ADAC36860}.ReleaseWeb|x86.ActiveCfg = Release|x86
		{D8BE5741-2A93-DD36-067A-2C9ADAC36860}.ReleaseWeb|x86.Build.0 = Release|x86
	EndGlobalSection
	GlobalSection(SolutionProperties) = preSolution
		HideSolutionNode = FALSE
	EndGlobalSection
	GlobalSection(ExtensibilityGlobals) = postSolution
		SolutionGuid = {883214E2-065B-4D34-89C1-21EAA3FEF0E7}
	EndGlobalSection
EndGlobal
